
Microsoft Visual Studio Solution File, Format Version 12.00
# Visual Studio Version 16
VisualStudioVersion = 16.0.29920.165
MinimumVisualStudioVersion = 10.0.40219.1
Project("{888888A0-9F3D-457C-B088-3A5042F75D52}") = "15", "15.pyproj", "{3C001102-18BC-4695-BB96-DBDA12DF15B5}"
EndProject
Global
	GlobalSection(SolutionConfigurationPlatforms) = preSolution
		Debug|Any CPU = Debug|Any CPU
		Release|Any CPU = Release|Any CPU
	EndGlobalSection
	GlobalSection(ProjectConfigurationPlatforms) = postSolution
		{3C001102-18BC-4695-BB96-DBDA12DF15B5}.Debug|Any CPU.ActiveCfg = Debug|Any CPU
		{3C001102-18BC-4695-BB96-DBDA12DF15B5}.Release|Any CPU.ActiveCfg = Release|Any CPU
	EndGlobalSection
	GlobalSection(SolutionProperties) = preSolution
		HideSolutionNode = FALSE
	EndGlobalSection
	GlobalSection(ExtensibilityGlobals) = postSolution
		SolutionGuid = {3F3B7AE4-19B9-4AB0-BB7B-968D456FDA52}
	EndGlobalSection
EndGlobal
