
Microsoft Visual Studio Solution File, Format Version 12.00
# Visual Studio Version 16
VisualStudioVersion = 16.0.29920.165
MinimumVisualStudioVersion = 10.0.40219.1
Project("{888888A0-9F3D-457C-B088-3A5042F75D52}") = "19", "19.pyproj", "{7FF21D31-1D48-4092-BF30-3CE966E41CB8}"
EndProject
Global
	GlobalSection(SolutionConfigurationPlatforms) = preSolution
		Debug|Any CPU = Debug|Any CPU
		Release|Any CPU = Release|Any CPU
	EndGlobalSection
	GlobalSection(ProjectConfigurationPlatforms) = postSolution
		{7FF21D31-1D48-4092-BF30-3CE966E41CB8}.Debug|Any CPU.ActiveCfg = Debug|Any CPU
		{7FF21D31-1D48-4092-BF30-3CE966E41CB8}.Release|Any CPU.ActiveCfg = Release|Any CPU
	EndGlobalSection
	GlobalSection(SolutionProperties) = preSolution
		HideSolutionNode = FALSE
	EndGlobalSection
	GlobalSection(ExtensibilityGlobals) = postSolution
		SolutionGuid = {E3F8ACCE-F2B5-4E47-B21B-17C33F092EA2}
	EndGlobalSection
EndGlobal
