
Microsoft Visual Studio Solution File, Format Version 12.00
# Visual Studio Version 16
VisualStudioVersion = 16.0.29920.165
MinimumVisualStudioVersion = 10.0.40219.1
Project("{888888A0-9F3D-457C-B088-3A5042F75D52}") = "14", "14.pyproj", "{FD31699F-7E26-44B0-BB78-FEEF54776B8E}"
EndProject
Global
	GlobalSection(SolutionConfigurationPlatforms) = preSolution
		Debug|Any CPU = Debug|Any CPU
		Release|Any CPU = Release|Any CPU
	EndGlobalSection
	GlobalSection(ProjectConfigurationPlatforms) = postSolution
		{FD31699F-7E26-44B0-BB78-FEEF54776B8E}.Debug|Any CPU.ActiveCfg = Debug|Any CPU
		{FD31699F-7E26-44B0-BB78-FEEF54776B8E}.Release|Any CPU.ActiveCfg = Release|Any CPU
	EndGlobalSection
	GlobalSection(SolutionProperties) = preSolution
		HideSolutionNode = FALSE
	EndGlobalSection
	GlobalSection(ExtensibilityGlobals) = postSolution
		SolutionGuid = {B5A7FC83-FFA9-45DC-A390-30A71DAF80B2}
	EndGlobalSection
EndGlobal
